
Microsoft Visual Studio Solution File, Format Version 12.00
# Visual Studio 15
VisualStudioVersion = 15.0.27428.2043
MinimumVisualStudioVersion = 10.0.40219.1
Project("{FAE04EC0-301F-11D3-BF4B-00C04F79EFBC}") = "MvcCoreWebApp", "src\MvcCoreWebApp\MvcCoreWebApp.csproj", "{7E3D6BC4-E7C7-487A-AEA8-5DA0B7187510}"
EndProject
Project("{FAE04EC0-301F-11D3-BF4B-00C04F79EFBC}") = "MvcWebApp", "src\MvcWebApp\MvcWebApp.csproj", "{4D7ADB1C-E7CA-4174-BD9E-BEAD8BE52A69}"
EndProject
Global
	GlobalSection(SolutionConfigurationPlatforms) = preSolution
		Debug|Any CPU = Debug|Any CPU
		Release|Any CPU = Release|Any CPU
	EndGlobalSection
	GlobalSection(ProjectConfigurationPlatforms) = postSolution
		{7E3D6BC4-E7C7-487A-AEA8-5DA0B7187510}.Debug|Any CPU.ActiveCfg = Debug|Any CPU
		{7E3D6BC4-E7C7-487A-AEA8-5DA0B7187510}.Debug|Any CPU.Build.0 = Debug|Any CPU
		{7E3D6BC4-E7C7-487A-AEA8-5DA0B7187510}.Release|Any CPU.ActiveCfg = Release|Any CPU
		{7E3D6BC4-E7C7-487A-AEA8-5DA0B7187510}.Release|Any CPU.Build.0 = Release|Any CPU
		{4D7ADB1C-E7CA-4174-BD9E-BEAD8BE52A69}.Debug|Any CPU.ActiveCfg = Debug|Any CPU
		{4D7ADB1C-E7CA-4174-BD9E-BEAD8BE52A69}.Debug|Any CPU.Build.0 = Debug|Any CPU
		{4D7ADB1C-E7CA-4174-BD9E-BEAD8BE52A69}.Release|Any CPU.ActiveCfg = Release|Any CPU
		{4D7ADB1C-E7CA-4174-BD9E-BEAD8BE52A69}.Release|Any CPU.Build.0 = Release|Any CPU
	EndGlobalSection
	GlobalSection(SolutionProperties) = preSolution
		HideSolutionNode = FALSE
	EndGlobalSection
	GlobalSection(ExtensibilityGlobals) = postSolution
		SolutionGuid = {17854D43-49E4-4CE8-A788-91C3A9EA91D7}
	EndGlobalSection
EndGlobal
